
Microsoft Visual Studio Solution File, Format Version 12.00
# Visual Studio Version 17
VisualStudioVersion = 17.12.35707.178
MinimumVisualStudioVersion = 10.0.40219.1
Project("{FAE04EC0-301F-11D3-BF4B-00C04F79EFBC}") = "AM.UI.Console", "AM.UI.Console\AM.UI.Console.csproj", "{4398FB20-CC51-42B0-A0DD-494348CF32EB}"
EndProject
Project("{FAE04EC0-301F-11D3-BF4B-00C04F79EFBC}") = "AM.ApplicationCore", "AM.ApplicationCore\AM.ApplicationCore.csproj", "{5F84C467-DE26-4E00-ABC2-C06E61F3B820}"
EndProject
Project("{FAE04EC0-301F-11D3-BF4B-00C04F79EFBC}") = "AM.Infrastructure", "AM.Infrastructure\AM.Infrastructure.csproj", "{6A091144-416B-4732-BC46-3325116F7A61}"
EndProject
Global
	GlobalSection(SolutionConfigurationPlatforms) = preSolution
		Debug|Any CPU = Debug|Any CPU
		Release|Any CPU = Release|Any CPU
	EndGlobalSection
	GlobalSection(ProjectConfigurationPlatforms) = postSolution
		{4398FB20-CC51-42B0-A0DD-494348CF32EB}.Debug|Any CPU.ActiveCfg = Debug|Any CPU
		{4398FB20-CC51-42B0-A0DD-494348CF32EB}.Debug|Any CPU.Build.0 = Debug|Any CPU
		{4398FB20-CC51-42B0-A0DD-494348CF32EB}.Release|Any CPU.ActiveCfg = Release|Any CPU
		{4398FB20-CC51-42B0-A0DD-494348CF32EB}.Release|Any CPU.Build.0 = Release|Any CPU
		{5F84C467-DE26-4E00-ABC2-C06E61F3B820}.Debug|Any CPU.ActiveCfg = Debug|Any CPU
		{5F84C467-DE26-4E00-ABC2-C06E61F3B820}.Debug|Any CPU.Build.0 = Debug|Any CPU
		{5F84C467-DE26-4E00-ABC2-C06E61F3B820}.Release|Any CPU.ActiveCfg = Release|Any CPU
		{5F84C467-DE26-4E00-ABC2-C06E61F3B820}.Release|Any CPU.Build.0 = Release|Any CPU
		{6A091144-416B-4732-BC46-3325116F7A61}.Debug|Any CPU.ActiveCfg = Debug|Any CPU
		{6A091144-416B-4732-BC46-3325116F7A61}.Debug|Any CPU.Build.0 = Debug|Any CPU
		{6A091144-416B-4732-BC46-3325116F7A61}.Release|Any CPU.ActiveCfg = Release|Any CPU
		{6A091144-416B-4732-BC46-3325116F7A61}.Release|Any CPU.Build.0 = Release|Any CPU
	EndGlobalSection
	GlobalSection(SolutionProperties) = preSolution
		HideSolutionNode = FALSE
	EndGlobalSection
EndGlobal
